PODS:
  - ChameleonFramework/Default (2.1.0)
  - ChameleonFramework/Swift (2.1.0):
    - ChameleonFramework/Default
  - DBSphereTagCloudSwift (2.0.2)
  - JTAppleCalendar (6.1.6)

DEPENDENCIES:
  - ChameleonFramework/Swift
  - DBSphereTagCloudSwift
  - JTAppleCalendar (~> 6.0)

SPEC REPOS:
  https://github.com/cocoapods/specs.git:
    - ChameleonFramework
    - DBSphereTagCloudSwift
    - JTAppleCalendar

SPEC CHECKSUMS:
  ChameleonFramework: d21a3cc247abfe5e37609a283a8238b03575cf64
  DBSphereTagCloudSwift: 47d03bf7f0decec371a932630412b37938a9aaa5
  JTAppleCalendar: 560fb46421880f53ad54123295072de24bca2b18

PODFILE CHECKSUM: 2a7c2ce2831c9c6db0b51d1fbbfd60a2b4257151

COCOAPODS: 1.7.5
