PODS:
  - ChameleonFramework/Default (2.1.0)
  - ChameleonFramework/Swift (2.1.0):
    - ChameleonFramework/Default
  - DBSphereTagCloudSwift (2.0.1)
  - JTAppleCalendar (6.1.2)

DEPENDENCIES:
  - ChameleonFramework/Swift
  - DBSphereTagCloudSwift
  - JTAppleCalendar (~> 6.0)

SPEC REPOS:
  https://github.com/cocoapods/specs.git:
    - ChameleonFramework
    - DBSphereTagCloudSwift
    - JTAppleCalendar

SPEC CHECKSUMS:
  ChameleonFramework: d21a3cc247abfe5e37609a283a8238b03575cf64
  DBSphereTagCloudSwift: 940bea38f8bf552552319ed413fa20b658964e38
  JTAppleCalendar: 4424fdd0daac0daf1db93299c07949505055135d

PODFILE CHECKSUM: 2a7c2ce2831c9c6db0b51d1fbbfd60a2b4257151

COCOAPODS: 1.6.0
